
Microsoft Visual Studio Solution File, Format Version 12.00
# Visual Studio Version 17
VisualStudioVersion = 17.9.34607.119
MinimumVisualStudioVersion = 10.0.40219.1
Project("{9A19103F-16F7-4668-BE54-9A1E7A4F7556}") = "Api", "src\Presentation\Api\Api.csproj", "{42144756-EF63-4F72-985D-F39AC6B078AC}"
EndProject
Project("{2150E333-8FDC-42A3-9474-1A3956D46DE8}") = "Core", "Core", "{0D321749-7125-4B74-BCD9-9AA83B56378C}"
EndProject
Project("{9A19103F-16F7-4668-BE54-9A1E7A4F7556}") = "Domain", "src\Core\Domain\Domain.csproj", "{E0E56A7D-7A40-47B3-96DE-6BD20F85662C}"
EndProject
Project("{9A19103F-16F7-4668-BE54-9A1E7A4F7556}") = "Application", "src\Core\Application\Application.csproj", "{631DEA27-E6C4-4FFC-AD1A-C9C340FF2899}"
EndProject
Project("{2150E333-8FDC-42A3-9474-1A3956D46DE8}") = "Presentation", "Presentation", "{952B33B3-B41F-4531-9337-67CB9EF2123F}"
EndProject
Project("{2150E333-8FDC-42A3-9474-1A3956D46DE8}") = "test", "test", "{1616E191-5C0E-466B-888A-A653BDE1C0B3}"
EndProject
Project("{9A19103F-16F7-4668-BE54-9A1E7A4F7556}") = "Persistance", "src\Infrastructure\Persistance\Persistance.csproj", "{170B003C-8B94-4F4B-878B-EF0D383693F7}"
EndProject
Project("{2150E333-8FDC-42A3-9474-1A3956D46DE8}") = "Api", "Api", "{AB6F5960-B3B3-46EF-B636-F7EE55A1D8BC}"
EndProject
Project("{9A19103F-16F7-4668-BE54-9A1E7A4F7556}") = "ApiClient", "src\Presentation\ApiClient\ApiClient.csproj", "{C02C8CF7-52AE-4309-9215-D23D8B7CB0EC}"
EndProject
Project("{2150E333-8FDC-42A3-9474-1A3956D46DE8}") = "Infrastructure", "Infrastructure", "{7234793A-A529-4C57-9328-BFE5313DB5CA}"
EndProject
Project("{9A19103F-16F7-4668-BE54-9A1E7A4F7556}") = "App", "src\Presentation\App\App.csproj", "{28CBC957-9C22-4C75-9EA6-898AD1B3E457}"
EndProject
Project("{9A19103F-16F7-4668-BE54-9A1E7A4F7556}") = "Authorization", "src\Infrastructure\Authorization\Authorization.csproj", "{73DDA9D5-1E54-4D24-B8EC-00825576CE74}"
EndProject
Project("{9A19103F-16F7-4668-BE54-9A1E7A4F7556}") = "Application.Tests", "test\Application.Tests\Application.Tests.csproj", "{216B2FAB-0D02-4DD7-91B9-F8D2E4CFF64C}"
EndProject
Project("{9A19103F-16F7-4668-BE54-9A1E7A4F7556}") = "ExceptionHandling", "src\Infrastructure\ExceptionHandling\ExceptionHandling.csproj", "{7E088990-1719-4520-BB1B-83CC9EA72E5F}"
EndProject
Project("{9A19103F-16F7-4668-BE54-9A1E7A4F7556}") = "Persistance.AzureMySqlInApp", "src\Infrastructure\AzureMySqlInAppProvider\Persistance.AzureMySqlInApp.csproj", "{2070C141-6398-4E6C-A151-2DC1693C2A76}"
EndProject
Project("{2150E333-8FDC-42A3-9474-1A3956D46DE8}") = "App", "App", "{39A6B609-2150-4AD1-BFB8-2767772BDD4C}"
EndProject
Project("{9A19103F-16F7-4668-BE54-9A1E7A4F7556}") = "ApiContratcs", "src\Presentation\ApiContratcs\ApiContratcs.csproj", "{4F991E16-5B65-428D-B969-186589443DA6}"
EndProject
Project("{FAE04EC0-301F-11D3-BF4B-00C04F79EFBC}") = "LocalPersistence", "src\Infrastructure\LocalPersistence\LocalPersistence.csproj", "{E1E404B3-90BA-4569-8EB6-12C9FE8FB0CC}"
EndProject
Global
	GlobalSection(SolutionConfigurationPlatforms) = preSolution
		Debug|Any CPU = Debug|Any CPU
		Release|Any CPU = Release|Any CPU
	EndGlobalSection
	GlobalSection(ProjectConfigurationPlatforms) = postSolution
		{42144756-EF63-4F72-985D-F39AC6B078AC}.Debug|Any CPU.ActiveCfg = Debug|Any CPU
		{42144756-EF63-4F72-985D-F39AC6B078AC}.Debug|Any CPU.Build.0 = Debug|Any CPU
		{42144756-EF63-4F72-985D-F39AC6B078AC}.Release|Any CPU.ActiveCfg = Release|Any CPU
		{42144756-EF63-4F72-985D-F39AC6B078AC}.Release|Any CPU.Build.0 = Release|Any CPU
		{E0E56A7D-7A40-47B3-96DE-6BD20F85662C}.Debug|Any CPU.ActiveCfg = Debug|Any CPU
		{E0E56A7D-7A40-47B3-96DE-6BD20F85662C}.Debug|Any CPU.Build.0 = Debug|Any CPU
		{E0E56A7D-7A40-47B3-96DE-6BD20F85662C}.Release|Any CPU.ActiveCfg = Release|Any CPU
		{E0E56A7D-7A40-47B3-96DE-6BD20F85662C}.Release|Any CPU.Build.0 = Release|Any CPU
		{631DEA27-E6C4-4FFC-AD1A-C9C340FF2899}.Debug|Any CPU.ActiveCfg = Debug|Any CPU
		{631DEA27-E6C4-4FFC-AD1A-C9C340FF2899}.Debug|Any CPU.Build.0 = Debug|Any CPU
		{631DEA27-E6C4-4FFC-AD1A-C9C340FF2899}.Release|Any CPU.ActiveCfg = Release|Any CPU
		{631DEA27-E6C4-4FFC-AD1A-C9C340FF2899}.Release|Any CPU.Build.0 = Release|Any CPU
		{170B003C-8B94-4F4B-878B-EF0D383693F7}.Debug|Any CPU.ActiveCfg = Debug|Any CPU
		{170B003C-8B94-4F4B-878B-EF0D383693F7}.Debug|Any CPU.Build.0 = Debug|Any CPU
		{170B003C-8B94-4F4B-878B-EF0D383693F7}.Release|Any CPU.ActiveCfg = Release|Any CPU
		{170B003C-8B94-4F4B-878B-EF0D383693F7}.Release|Any CPU.Build.0 = Release|Any CPU
		{C02C8CF7-52AE-4309-9215-D23D8B7CB0EC}.Debug|Any CPU.ActiveCfg = Debug|Any CPU
		{C02C8CF7-52AE-4309-9215-D23D8B7CB0EC}.Debug|Any CPU.Build.0 = Debug|Any CPU
		{C02C8CF7-52AE-4309-9215-D23D8B7CB0EC}.Release|Any CPU.ActiveCfg = Release|Any CPU
		{C02C8CF7-52AE-4309-9215-D23D8B7CB0EC}.Release|Any CPU.Build.0 = Release|Any CPU
		{28CBC957-9C22-4C75-9EA6-898AD1B3E457}.Debug|Any CPU.ActiveCfg = Debug|Any CPU
		{28CBC957-9C22-4C75-9EA6-898AD1B3E457}.Debug|Any CPU.Build.0 = Debug|Any CPU
		{28CBC957-9C22-4C75-9EA6-898AD1B3E457}.Debug|Any CPU.Deploy.0 = Debug|Any CPU
		{28CBC957-9C22-4C75-9EA6-898AD1B3E457}.Release|Any CPU.ActiveCfg = Release|Any CPU
		{28CBC957-9C22-4C75-9EA6-898AD1B3E457}.Release|Any CPU.Build.0 = Release|Any CPU
		{28CBC957-9C22-4C75-9EA6-898AD1B3E457}.Release|Any CPU.Deploy.0 = Release|Any CPU
		{73DDA9D5-1E54-4D24-B8EC-00825576CE74}.Debug|Any CPU.ActiveCfg = Debug|Any CPU
		{73DDA9D5-1E54-4D24-B8EC-00825576CE74}.Debug|Any CPU.Build.0 = Debug|Any CPU
		{73DDA9D5-1E54-4D24-B8EC-00825576CE74}.Release|Any CPU.ActiveCfg = Release|Any CPU
		{73DDA9D5-1E54-4D24-B8EC-00825576CE74}.Release|Any CPU.Build.0 = Release|Any CPU
		{216B2FAB-0D02-4DD7-91B9-F8D2E4CFF64C}.Debug|Any CPU.ActiveCfg = Debug|Any CPU
		{216B2FAB-0D02-4DD7-91B9-F8D2E4CFF64C}.Debug|Any CPU.Build.0 = Debug|Any CPU
		{216B2FAB-0D02-4DD7-91B9-F8D2E4CFF64C}.Release|Any CPU.ActiveCfg = Release|Any CPU
		{216B2FAB-0D02-4DD7-91B9-F8D2E4CFF64C}.Release|Any CPU.Build.0 = Release|Any CPU
		{7E088990-1719-4520-BB1B-83CC9EA72E5F}.Debug|Any CPU.ActiveCfg = Debug|Any CPU
		{7E088990-1719-4520-BB1B-83CC9EA72E5F}.Debug|Any CPU.Build.0 = Debug|Any CPU
		{7E088990-1719-4520-BB1B-83CC9EA72E5F}.Release|Any CPU.ActiveCfg = Release|Any CPU
		{7E088990-1719-4520-BB1B-83CC9EA72E5F}.Release|Any CPU.Build.0 = Release|Any CPU
		{2070C141-6398-4E6C-A151-2DC1693C2A76}.Debug|Any CPU.ActiveCfg = Debug|Any CPU
		{2070C141-6398-4E6C-A151-2DC1693C2A76}.Debug|Any CPU.Build.0 = Debug|Any CPU
		{2070C141-6398-4E6C-A151-2DC1693C2A76}.Release|Any CPU.ActiveCfg = Release|Any CPU
		{2070C141-6398-4E6C-A151-2DC1693C2A76}.Release|Any CPU.Build.0 = Release|Any CPU
		{4F991E16-5B65-428D-B969-186589443DA6}.Debug|Any CPU.ActiveCfg = Debug|Any CPU
		{4F991E16-5B65-428D-B969-186589443DA6}.Debug|Any CPU.Build.0 = Debug|Any CPU
		{4F991E16-5B65-428D-B969-186589443DA6}.Release|Any CPU.ActiveCfg = Release|Any CPU
		{4F991E16-5B65-428D-B969-186589443DA6}.Release|Any CPU.Build.0 = Release|Any CPU
		{E1E404B3-90BA-4569-8EB6-12C9FE8FB0CC}.Debug|Any CPU.ActiveCfg = Debug|Any CPU
		{E1E404B3-90BA-4569-8EB6-12C9FE8FB0CC}.Debug|Any CPU.Build.0 = Debug|Any CPU
		{E1E404B3-90BA-4569-8EB6-12C9FE8FB0CC}.Release|Any CPU.ActiveCfg = Release|Any CPU
		{E1E404B3-90BA-4569-8EB6-12C9FE8FB0CC}.Release|Any CPU.Build.0 = Release|Any CPU
	EndGlobalSection
	GlobalSection(SolutionProperties) = preSolution
		HideSolutionNode = FALSE
	EndGlobalSection
	GlobalSection(NestedProjects) = preSolution
		{42144756-EF63-4F72-985D-F39AC6B078AC} = {AB6F5960-B3B3-46EF-B636-F7EE55A1D8BC}
		{E0E56A7D-7A40-47B3-96DE-6BD20F85662C} = {0D321749-7125-4B74-BCD9-9AA83B56378C}
		{631DEA27-E6C4-4FFC-AD1A-C9C340FF2899} = {0D321749-7125-4B74-BCD9-9AA83B56378C}
		{170B003C-8B94-4F4B-878B-EF0D383693F7} = {7234793A-A529-4C57-9328-BFE5313DB5CA}
		{AB6F5960-B3B3-46EF-B636-F7EE55A1D8BC} = {952B33B3-B41F-4531-9337-67CB9EF2123F}
		{C02C8CF7-52AE-4309-9215-D23D8B7CB0EC} = {AB6F5960-B3B3-46EF-B636-F7EE55A1D8BC}
		{28CBC957-9C22-4C75-9EA6-898AD1B3E457} = {39A6B609-2150-4AD1-BFB8-2767772BDD4C}
		{73DDA9D5-1E54-4D24-B8EC-00825576CE74} = {7234793A-A529-4C57-9328-BFE5313DB5CA}
		{216B2FAB-0D02-4DD7-91B9-F8D2E4CFF64C} = {1616E191-5C0E-466B-888A-A653BDE1C0B3}
		{7E088990-1719-4520-BB1B-83CC9EA72E5F} = {7234793A-A529-4C57-9328-BFE5313DB5CA}
		{2070C141-6398-4E6C-A151-2DC1693C2A76} = {7234793A-A529-4C57-9328-BFE5313DB5CA}
		{39A6B609-2150-4AD1-BFB8-2767772BDD4C} = {952B33B3-B41F-4531-9337-67CB9EF2123F}
		{4F991E16-5B65-428D-B969-186589443DA6} = {AB6F5960-B3B3-46EF-B636-F7EE55A1D8BC}
		{E1E404B3-90BA-4569-8EB6-12C9FE8FB0CC} = {7234793A-A529-4C57-9328-BFE5313DB5CA}
	EndGlobalSection
	GlobalSection(ExtensibilityGlobals) = postSolution
		SolutionGuid = {27C0623E-8480-45B5-93D9-401FAD826043}
	EndGlobalSection
EndGlobal
